
Microsoft Visual Studio Solution File, Format Version 12.00
Project("{FAE04EC0-301F-11D3-BF4B-00C04F79EFBC}") = "SSE", "SSE\SSE.csproj", "{00DED7E0-FDE7-4B85-A662-8B4B2585F2AB}"
EndProject
Global
	GlobalSection(SolutionConfigurationPlatforms) = preSolution
		Debug|Any CPU = Debug|Any CPU
		Release|Any CPU = Release|Any CPU
	EndGlobalSection
	GlobalSection(ProjectConfigurationPlatforms) = postSolution
		{00DED7E0-FDE7-4B85-A662-8B4B2585F2AB}.Debug|Any CPU.ActiveCfg = Debug|Any CPU
		{00DED7E0-FDE7-4B85-A662-8B4B2585F2AB}.Debug|Any CPU.Build.0 = Debug|Any CPU
		{00DED7E0-FDE7-4B85-A662-8B4B2585F2AB}.Release|Any CPU.ActiveCfg = Release|Any CPU
		{00DED7E0-FDE7-4B85-A662-8B4B2585F2AB}.Release|Any CPU.Build.0 = Release|Any CPU
	EndGlobalSection
EndGlobal
